{
  "name": "Mini Project",
  "lockfileVersion": 3,
  "requires": true,
  "packages": {
    "": {
      "dependencies": {
        "opencode-ai": "^1.18.24"
      }
    },
    "node_modules/opencode-ai": {
      "version": "1.18.24",
      "resolved": "https://registry.npmjs.org/opencode-ai/-/opencode-ai-1.18.24.tgz",
      "integrity": "sha512-PIV4ud2cqFQw6Lm+onvxQrQo+wCFYnA+6TDryeDJ6PF38t2ujzeeKPzlxZ1vCmZ6p7AixtfgJu4iUovDVt4GZQ==",
      "cpu": [
        "arm64",
        "x64"
      ],
      "hasInstallScript": true,
      "license": "MIT",
      "os": [
        "darwin",
        "linux",
        "win32"
      ],
      "bin": {
        "opencode": "bin/opencode.exe"
      },
      "optionalDependencies": {
        "opencode-darwin-arm64": "1.18.24",
        "opencode-darwin-x64": "1.18.24",
        "opencode-darwin-x64-baseline": "1.18.24",
        "opencode-linux-arm64": "1.18.24",
        "opencode-linux-arm64-musl": "1.18.24",
        "opencode-linux-x64": "1.18.24",
        "opencode-linux-x64-baseline": "1.18.24",
        "opencode-linux-x64-baseline-musl": "1.18.24",
        "opencode-linux-x64-musl": "1.18.24",
        "opencode-windows-arm64": "1.18.24",
        "opencode-windows-x64": "1.18.24",
        "opencode-windows-x64-baseline": "1.18.24"
      }
    },
    "node_modules/opencode-darwin-arm64": {
      "version": "1.18.24",
      "resolved": "https://registry.npmjs.org/opencode-darwin-arm64/-/opencode-darwin-arm64-1.18.24.tgz",
      "integrity": "sha512-PKl0G4e0ZB8FVG7LYfOeyqz5cBCEP23Mnsr6J81ut629SsucVMHdehrXLg7/88XehC3FCyiSODutGT0933l72A==",
      "cpu": [
        "arm64"
      ],
      "optional": true,
      "os": [
        "darwin"
      ]
    },
    "node_modules/opencode-darwin-x64": {
      "version": "1.18.24",
      "resolved": "https://registry.npmjs.org/opencode-darwin-x64/-/opencode-darwin-x64-1.18.24.tgz",
      "integrity": "sha512-DtFbYSVhSdUR1XRUKNPaTqO2iS6TPS8y18jHUpGOkcLHC3ILuVh6k623akH1AISPu+dEgS6TwtSgrbIyE7JmBg==",
      "cpu": [
        "x64"
      ],
      "optional": true,
      "os": [
        "darwin"
      ]
    },
    "node_modules/opencode-darwin-x64-baseline": {
      "version": "1.18.24",
      "resolved": "https://registry.npmjs.org/opencode-darwin-x64-baseline/-/opencode-darwin-x64-baseline-1.18.24.tgz",
      "integrity": "sha512-+kPdArH+BrB60Zc1ekMxC48QTrqmXx54bzZk+X/2rAmXU/1EjMes5iOW65lhrilnSLZPe589q1LqjoO+q6+DNA==",
      "cpu": [
        "x64"
      ],
      "optional": true,
      "os": [
        "darwin"
      ]
    },
    "node_modules/opencode-linux-arm64": {
      "version": "1.18.24",
      "resolved": "https://registry.npmjs.org/opencode-linux-arm64/-/opencode-linux-arm64-1.18.24.tgz",
      "integrity": "sha512-0RR5T9H7fQf42ABaVgFc6HOnlRBDaBF1Hnk2hE8OTLz9SO6QuLT0QZZeecuwuNrnKlmEHkiVWHfDd+e7z1fQ0w==",
      "cpu": [
        "arm64"
      ],
      "optional": true,
      "os": [
        "linux"
      ]
    },
    "node_modules/opencode-linux-arm64-musl": {
      "version": "1.18.24",
      "resolved": "https://registry.npmjs.org/opencode-linux-arm64-musl/-/opencode-linux-arm64-musl-1.18.24.tgz",
      "integrity": "sha512-vGGt8+10OFe1pnkZhNezZEUZRzGVXKjky3MWENx7p5VGJoX6R3DUik5bhOO53T0NKUY+cB9D628+qBOZFsoIjA==",
      "cpu": [
        "arm64"
      ],
      "libc": [
        "musl"
      ],
      "optional": true,
      "os": [
        "linux"
      ]
    },
    "node_modules/opencode-linux-x64": {
      "version": "1.18.24",
      "resolved": "https://registry.npmjs.org/opencode-linux-x64/-/opencode-linux-x64-1.18.24.tgz",
      "integrity": "sha512-hz3msHS0kIclawqxKgldX3OW9WuqCwFxcYlhhDFI62z3bNdTYChi3UnBTHqI7GYFrnSPH6vaNCrzeq5uaqpXoQ==",
      "cpu": [
        "x64"
      ],
      "optional": true,
      "os": [
        "linux"
      ]
    },
    "node_modules/opencode-linux-x64-baseline": {
      "version": "1.18.24",
      "resolved": "https://registry.npmjs.org/opencode-linux-x64-baseline/-/opencode-linux-x64-baseline-1.18.24.tgz",
      "integrity": "sha512-D86BSWvpPK8/qwZJEHsSVkqIcFlAFheEEL2Q6lck63lw29prfnPthgivbofNMycj+Cloev0a9I2BUqjel4JwtQ==",
      "cpu": [
        "x64"
      ],
      "optional": true,
      "os": [
        "linux"
      ]
    },
    "node_modules/opencode-linux-x64-baseline-musl": {
      "version": "1.18.24",
      "resolved": "https://registry.npmjs.org/opencode-linux-x64-baseline-musl/-/opencode-linux-x64-baseline-musl-1.18.24.tgz",
      "integrity": "sha512-GpCOPC6D/PR1z4AYyaCXcchKF6UwP/PZbWImXiSIVbA7Fhyq5VuuFgkJfEKUVO7Mdtgm19zJCYoilwKpnFuyxQ==",
      "cpu": [
        "x64"
      ],
      "libc": [
        "musl"
      ],
      "optional": true,
      "os": [
        "linux"
      ]
    },
    "node_modules/opencode-linux-x64-musl": {
      "version": "1.18.24",
      "resolved": "https://registry.npmjs.org/opencode-linux-x64-musl/-/opencode-linux-x64-musl-1.18.24.tgz",
      "integrity": "sha512-ZZ+iDur/HzHHnkZEJUeZf2WUCoaRQz0oV7O77VVp/lOQXe7hf0XQ1ddU8liSvUYfO5XwtESKyZukcLlHsUKv5A==",
      "cpu": [
        "x64"
      ],
      "libc": [
        "musl"
      ],
      "optional": true,
      "os": [
        "linux"
      ]
    },
    "node_modules/opencode-windows-arm64": {
      "version": "1.18.24",
      "resolved": "https://registry.npmjs.org/opencode-windows-arm64/-/opencode-windows-arm64-1.18.24.tgz",
      "integrity": "sha512-oHzBTxy9nFn2YGSVMhY0p5psobiZrvklHn863a6q+ZZqlnwuydnhhldPaH3IcEOA3/x5+/8p27eeCtbRyUwX9A==",
      "cpu": [
        "arm64"
      ],
      "optional": true,
      "os": [
        "win32"
      ]
    },
    "node_modules/opencode-windows-x64": {
      "version": "1.18.24",
      "resolved": "https://registry.npmjs.org/opencode-windows-x64/-/opencode-windows-x64-1.18.24.tgz",
      "integrity": "sha512-cjIjXX6GJHS0fjRXcw9nYrhtFoQnxDgqvSVHPZG1zvqrT/EjDl1hyiwVrpxAN5UO7eYdwDHlWATjpjzqc8P0LA==",
      "cpu": [
        "x64"
      ],
      "optional": true,
      "os": [
        "win32"
      ]
    },
    "node_modules/opencode-windows-x64-baseline": {
      "version": "1.18.24",
      "resolved": "https://registry.npmjs.org/opencode-windows-x64-baseline/-/opencode-windows-x64-baseline-1.18.24.tgz",
      "integrity": "sha512-QP2kawgVUJl+Pu/MTzkq6Xx0n1jaf5wPpNTIREKNhVUwSSLE3araWu61jKozgnpQDInj3TDb/PvKOGQuzOs+Bw==",
      "cpu": [
        "x64"
      ],
      "optional": true,
      "os": [
        "win32"
      ]
    }
  }
}
